
Microsoft Visual Studio Solution File, Format Version 12.00
# Visual Studio Version 16
VisualStudioVersion = 16.0.29411.108
MinimumVisualStudioVersion = 10.0.40219.1
Project("{9A19103F-16F7-4668-BE54-9A1E7A4F7556}") = "ApiDois", "ApiDois\ApiDois.csproj", "{912414D0-014B-4160-A53E-404AFE5E92A9}"
EndProject
Project("{FAE04EC0-301F-11D3-BF4B-00C04F79EFBC}") = "ApiDois.Test", "ApiDois.Test\ApiDois.Test.csproj", "{36B9957C-7FC0-4731-BBC7-49208808742B}"
EndProject
Global
	GlobalSection(SolutionConfigurationPlatforms) = preSolution
		Debug|Any CPU = Debug|Any CPU
		Release|Any CPU = Release|Any CPU
	EndGlobalSection
	GlobalSection(ProjectConfigurationPlatforms) = postSolution
		{912414D0-014B-4160-A53E-404AFE5E92A9}.Debug|Any CPU.ActiveCfg = Debug|Any CPU
		{912414D0-014B-4160-A53E-404AFE5E92A9}.Debug|Any CPU.Build.0 = Debug|Any CPU
		{912414D0-014B-4160-A53E-404AFE5E92A9}.Release|Any CPU.ActiveCfg = Release|Any CPU
		{912414D0-014B-4160-A53E-404AFE5E92A9}.Release|Any CPU.Build.0 = Release|Any CPU
		{36B9957C-7FC0-4731-BBC7-49208808742B}.Debug|Any CPU.ActiveCfg = Debug|Any CPU
		{36B9957C-7FC0-4731-BBC7-49208808742B}.Debug|Any CPU.Build.0 = Debug|Any CPU
		{36B9957C-7FC0-4731-BBC7-49208808742B}.Release|Any CPU.ActiveCfg = Release|Any CPU
		{36B9957C-7FC0-4731-BBC7-49208808742B}.Release|Any CPU.Build.0 = Release|Any CPU
	EndGlobalSection
	GlobalSection(SolutionProperties) = preSolution
		HideSolutionNode = FALSE
	EndGlobalSection
	GlobalSection(ExtensibilityGlobals) = postSolution
		SolutionGuid = {C41F41C1-D3AF-4ECC-906D-236890DF2A08}
	EndGlobalSection
EndGlobal
